
Microsoft Visual Studio Solution File, Format Version 12.00
# Visual Studio Version 17
VisualStudioVersion = 17.0.31903.59
MinimumVisualStudioVersion = 10.0.40219.1
Project("{FAE04EC0-301F-11D3-BF4B-00C04F79EFBC}") = "Todo.Api", "Todo.Api\Todo.Api.csproj", "{27CE7F0B-B821-40F8-ADCD-AE2597732783}"
EndProject
Project("{FAE04EC0-301F-11D3-BF4B-00C04F79EFBC}") = "Todo.Api.Tests", "Todo.Api.Tests\Todo.Api.Tests.csproj", "{ECE6C95B-8169-4304-ABDC-6123E07A7BCE}"
EndProject
Global
	GlobalSection(SolutionConfigurationPlatforms) = preSolution
		Debug|Any CPU = Debug|Any CPU
		Release|Any CPU = Release|Any CPU
	EndGlobalSection
	GlobalSection(SolutionProperties) = preSolution
		HideSolutionNode = FALSE
	EndGlobalSection
	GlobalSection(ProjectConfigurationPlatforms) = postSolution
		{27CE7F0B-B821-40F8-ADCD-AE2597732783}.Debug|Any CPU.ActiveCfg = Debug|Any CPU
		{27CE7F0B-B821-40F8-ADCD-AE2597732783}.Debug|Any CPU.Build.0 = Debug|Any CPU
		{27CE7F0B-B821-40F8-ADCD-AE2597732783}.Release|Any CPU.ActiveCfg = Release|Any CPU
		{27CE7F0B-B821-40F8-ADCD-AE2597732783}.Release|Any CPU.Build.0 = Release|Any CPU
		{ECE6C95B-8169-4304-ABDC-6123E07A7BCE}.Debug|Any CPU.ActiveCfg = Debug|Any CPU
		{ECE6C95B-8169-4304-ABDC-6123E07A7BCE}.Debug|Any CPU.Build.0 = Debug|Any CPU
		{ECE6C95B-8169-4304-ABDC-6123E07A7BCE}.Release|Any CPU.ActiveCfg = Release|Any CPU
		{ECE6C95B-8169-4304-ABDC-6123E07A7BCE}.Release|Any CPU.Build.0 = Release|Any CPU
	EndGlobalSection
EndGlobal
